
Microsoft Visual Studio Solution File, Format Version 12.00
# Visual Studio 15
VisualStudioVersion = 15.0.28307.329
MinimumVisualStudioVersion = 10.0.40219.1
Project("{FAE04EC0-301F-11D3-BF4B-00C04F79EFBC}") = "Class_Designer", "Class_Designer\Class_Designer.csproj", "{16792A6E-91AB-4283-81A5-01BEF47B4FEB}"
EndProject
Global
	GlobalSection(SolutionConfigurationPlatforms) = preSolution
		Debug|Any CPU = Debug|Any CPU
		Release|Any CPU = Release|Any CPU
	EndGlobalSection
	GlobalSection(ProjectConfigurationPlatforms) = postSolution
		{16792A6E-91AB-4283-81A5-01BEF47B4FEB}.Debug|Any CPU.ActiveCfg = Debug|Any CPU
		{16792A6E-91AB-4283-81A5-01BEF47B4FEB}.Debug|Any CPU.Build.0 = Debug|Any CPU
		{16792A6E-91AB-4283-81A5-01BEF47B4FEB}.Release|Any CPU.ActiveCfg = Release|Any CPU
		{16792A6E-91AB-4283-81A5-01BEF47B4FEB}.Release|Any CPU.Build.0 = Release|Any CPU
	EndGlobalSection
	GlobalSection(SolutionProperties) = preSolution
		HideSolutionNode = FALSE
	EndGlobalSection
	GlobalSection(ExtensibilityGlobals) = postSolution
		SolutionGuid = {21CA9755-439F-4C16-9D84-3FA23AE83286}
	EndGlobalSection
EndGlobal
